{
  "lockfileVersion": 1,
  "configVersion": 1,
  "workspaces": {
    "": {
      "name": "sip-server",
      "dependencies": {
        "hono": "^4.7.0",
      },
    },
  },
  "packages": {
    "hono": ["hono@4.12.10", "", {}, "sha512-mx/p18PLy5og9ufies2GOSUqep98Td9q4i/EF6X7yJgAiIopxqdfIO3jbqsi3jRgTgw88jMDEzVKi+V2EF+27w=="],
  }
}
